
Microsoft Visual Studio Solution File, Format Version 12.00
# Visual Studio Version 17
VisualStudioVersion = 17.11.35327.3
MinimumVisualStudioVersion = 10.0.40219.1
Project("{FAE04EC0-301F-11D3-BF4B-00C04F79EFBC}") = "azure app vs", "azure app vs\azure app vs.csproj", "{AEA6189D-1CD0-4D68-BF69-9EF2A866B05D}"
EndProject
Global
	GlobalSection(SolutionConfigurationPlatforms) = preSolution
		Debug|Any CPU = Debug|Any CPU
		Release|Any CPU = Release|Any CPU
	EndGlobalSection
	GlobalSection(ProjectConfigurationPlatforms) = postSolution
		{AEA6189D-1CD0-4D68-BF69-9EF2A866B05D}.Debug|Any CPU.ActiveCfg = Debug|Any CPU
		{AEA6189D-1CD0-4D68-BF69-9EF2A866B05D}.Debug|Any CPU.Build.0 = Debug|Any CPU
		{AEA6189D-1CD0-4D68-BF69-9EF2A866B05D}.Release|Any CPU.ActiveCfg = Release|Any CPU
		{AEA6189D-1CD0-4D68-BF69-9EF2A866B05D}.Release|Any CPU.Build.0 = Release|Any CPU
	EndGlobalSection
	GlobalSection(SolutionProperties) = preSolution
		HideSolutionNode = FALSE
	EndGlobalSection
	GlobalSection(ExtensibilityGlobals) = postSolution
		SolutionGuid = {1777D483-B5EB-4334-A76C-169967926F8A}
	EndGlobalSection
EndGlobal
